
Microsoft Visual Studio Solution File, Format Version 12.00
# Visual Studio 15
VisualStudioVersion = 15.0.28307.329
MinimumVisualStudioVersion = 10.0.40219.1
Project("{FAE04EC0-301F-11D3-BF4B-00C04F79EFBC}") = "Bundle", "Bundle\Bundle.csproj", "{AF70C9D4-C65F-4F93-B38D-6525F7693A03}"
EndProject
Global
	GlobalSection(SolutionConfigurationPlatforms) = preSolution
		Debug|Any CPU = Debug|Any CPU
		Release|Any CPU = Release|Any CPU
	EndGlobalSection
	GlobalSection(ProjectConfigurationPlatforms) = postSolution
		{AF70C9D4-C65F-4F93-B38D-6525F7693A03}.Debug|Any CPU.ActiveCfg = Debug|Any CPU
		{AF70C9D4-C65F-4F93-B38D-6525F7693A03}.Debug|Any CPU.Build.0 = Debug|Any CPU
		{AF70C9D4-C65F-4F93-B38D-6525F7693A03}.Release|Any CPU.ActiveCfg = Release|Any CPU
		{AF70C9D4-C65F-4F93-B38D-6525F7693A03}.Release|Any CPU.Build.0 = Release|Any CPU
	EndGlobalSection
	GlobalSection(SolutionProperties) = preSolution
		HideSolutionNode = FALSE
	EndGlobalSection
	GlobalSection(ExtensibilityGlobals) = postSolution
		SolutionGuid = {1FEDA958-BAD4-4B55-810E-8B3F008BEC44}
	EndGlobalSection
EndGlobal
